
Microsoft Visual Studio Solution File, Format Version 12.00
# Visual Studio Version 16
VisualStudioVersion = 16.0.29920.165
MinimumVisualStudioVersion = 10.0.40219.1
Project("{FAE04EC0-301F-11D3-BF4B-00C04F79EFBC}") = "AgilProjektarbete", "AgilProjektarbete.csproj", "{325A34F9-1B4C-463A-BC3A-21F6D5B3F01C}"
EndProject
Global
	GlobalSection(SolutionConfigurationPlatforms) = preSolution
		Debug|Any CPU = Debug|Any CPU
		Release|Any CPU = Release|Any CPU
	EndGlobalSection
	GlobalSection(ProjectConfigurationPlatforms) = postSolution
		{325A34F9-1B4C-463A-BC3A-21F6D5B3F01C}.Debug|Any CPU.ActiveCfg = Debug|Any CPU
		{325A34F9-1B4C-463A-BC3A-21F6D5B3F01C}.Debug|Any CPU.Build.0 = Debug|Any CPU
		{325A34F9-1B4C-463A-BC3A-21F6D5B3F01C}.Release|Any CPU.ActiveCfg = Release|Any CPU
		{325A34F9-1B4C-463A-BC3A-21F6D5B3F01C}.Release|Any CPU.Build.0 = Release|Any CPU
	EndGlobalSection
	GlobalSection(SolutionProperties) = preSolution
		HideSolutionNode = FALSE
	EndGlobalSection
	GlobalSection(ExtensibilityGlobals) = postSolution
		SolutionGuid = {848CDB9D-4275-4273-B32C-986D6D4FB023}
	EndGlobalSection
EndGlobal
